
Microsoft Visual Studio Solution File, Format Version 12.00
# Visual Studio Version 17
VisualStudioVersion = 17.0.32112.339
MinimumVisualStudioVersion = 10.0.40219.1
Project("{FAE04EC0-301F-11D3-BF4B-00C04F79EFBC}") = "Pharmacy Management System", "Pharmacy Management System\Pharmacy Management System.csproj", "{48067F8B-9481-46B2-B8F1-499E1E8DEE27}"
EndProject
Global
	GlobalSection(SolutionConfigurationPlatforms) = preSolution
		Debug|Any CPU = Debug|Any CPU
		Release|Any CPU = Release|Any CPU
	EndGlobalSection
	GlobalSection(ProjectConfigurationPlatforms) = postSolution
		{48067F8B-9481-46B2-B8F1-499E1E8DEE27}.Debug|Any CPU.ActiveCfg = Debug|Any CPU
		{48067F8B-9481-46B2-B8F1-499E1E8DEE27}.Debug|Any CPU.Build.0 = Debug|Any CPU
		{48067F8B-9481-46B2-B8F1-499E1E8DEE27}.Release|Any CPU.ActiveCfg = Release|Any CPU
		{48067F8B-9481-46B2-B8F1-499E1E8DEE27}.Release|Any CPU.Build.0 = Release|Any CPU
	EndGlobalSection
	GlobalSection(SolutionProperties) = preSolution
		HideSolutionNode = FALSE
	EndGlobalSection
	GlobalSection(ExtensibilityGlobals) = postSolution
		SolutionGuid = {6264E700-474E-45D8-A75E-8B7B5112147E}
	EndGlobalSection
EndGlobal
